
Microsoft Visual Studio Solution File, Format Version 12.00
# Visual Studio Version 17
VisualStudioVersion = 17.13.35931.197 d17.13
MinimumVisualStudioVersion = 10.0.40219.1
Project("{FAE04EC0-301F-11D3-BF4B-00C04F79EFBC}") = "EmployeeManagement.WebAPI", "EmployeeManagement.WebAPI\EmployeeManagement.WebAPI.csproj", "{C48EBCE7-36F6-4588-A857-F93D123BF0C9}"
EndProject
Project("{FAE04EC0-301F-11D3-BF4B-00C04F79EFBC}") = "EmployeeManagement.Repositories", "EmployeeManagement.Repositories\EmployeeManagement.Repositories.csproj", "{9246CABF-F634-4B13-B342-000D00CA9000}"
EndProject
Project("{FAE04EC0-301F-11D3-BF4B-00C04F79EFBC}") = "EmployeeManagement.DTOs", "EmployeeManagement.DTOs\EmployeeManagement.DTOs.csproj", "{B2E58460-63AD-4148-8238-120F6D4FF524}"
EndProject
Global
	GlobalSection(SolutionConfigurationPlatforms) = preSolution
		Debug|Any CPU = Debug|Any CPU
		Release|Any CPU = Release|Any CPU
	EndGlobalSection
	GlobalSection(ProjectConfigurationPlatforms) = postSolution
		{C48EBCE7-36F6-4588-A857-F93D123BF0C9}.Debug|Any CPU.ActiveCfg = Debug|Any CPU
		{C48EBCE7-36F6-4588-A857-F93D123BF0C9}.Debug|Any CPU.Build.0 = Debug|Any CPU
		{C48EBCE7-36F6-4588-A857-F93D123BF0C9}.Release|Any CPU.ActiveCfg = Release|Any CPU
		{C48EBCE7-36F6-4588-A857-F93D123BF0C9}.Release|Any CPU.Build.0 = Release|Any CPU
		{9246CABF-F634-4B13-B342-000D00CA9000}.Debug|Any CPU.ActiveCfg = Debug|Any CPU
		{9246CABF-F634-4B13-B342-000D00CA9000}.Debug|Any CPU.Build.0 = Debug|Any CPU
		{9246CABF-F634-4B13-B342-000D00CA9000}.Release|Any CPU.ActiveCfg = Release|Any CPU
		{9246CABF-F634-4B13-B342-000D00CA9000}.Release|Any CPU.Build.0 = Release|Any CPU
		{B2E58460-63AD-4148-8238-120F6D4FF524}.Debug|Any CPU.ActiveCfg = Debug|Any CPU
		{B2E58460-63AD-4148-8238-120F6D4FF524}.Debug|Any CPU.Build.0 = Debug|Any CPU
		{B2E58460-63AD-4148-8238-120F6D4FF524}.Release|Any CPU.ActiveCfg = Release|Any CPU
		{B2E58460-63AD-4148-8238-120F6D4FF524}.Release|Any CPU.Build.0 = Release|Any CPU
	EndGlobalSection
	GlobalSection(SolutionProperties) = preSolution
		HideSolutionNode = FALSE
	EndGlobalSection
	GlobalSection(ExtensibilityGlobals) = postSolution
		SolutionGuid = {FA092407-0154-450E-9BF5-D9806637065D}
	EndGlobalSection
EndGlobal
